{
  "nodes": {
    "brew-src": {
      "flake": false,
      "locked": {
        "lastModified": 1740943974,
        "narHash": "sha256-2lRLfb6qwoUAsX/XtYmt/ETxtGid6/VaBeFiRsoVMtU=",
        "owner": "Homebrew",
        "repo": "brew",
        "rev": "64efed206deeb9c2304d9e5b5910dcbf0a509c15",
        "type": "github"
      },
      "original": {
        "owner": "Homebrew",
        "ref": "4.4.23",
        "repo": "brew",
        "type": "github"
      }
    },
    "darwin": {
      "inputs": {
        "nixpkgs": [
          "nixpkgs"
        ]
      },
      "locked": {
        "lastModified": 1741229100,
        "narHash": "sha256-0HwrTDXp9buEwal/1ymK9uQmzUD5ozIA7CJGqnT/gLs=",
        "owner": "LnL7",
        "repo": "nix-darwin",
        "rev": "adf5c88ba1fe21af5c083b4d655004431f20c5ab",
        "type": "github"
      },
      "original": {
        "owner": "LnL7",
        "repo": "nix-darwin",
        "type": "github"
      }
    },
    "flake-utils": {
      "inputs": {
        "systems": "systems"
      },
      "locked": {
        "lastModified": 1731533236,
        "narHash": "sha256-l0KFg5HjrsfsO/JpG+r7fRrqm12kzFHyUHqHCVpMMbI=",
        "owner": "numtide",
        "repo": "flake-utils",
        "rev": "11707dc2f618dd54ca8739b309ec4fc024de578b",
        "type": "github"
      },
      "original": {
        "owner": "numtide",
        "repo": "flake-utils",
        "type": "github"
      }
    },
    "home": {
      "inputs": {
        "nixpkgs": [
          "nixpkgs"
        ]
      },
      "locked": {
        "lastModified": 1741613526,
        "narHash": "sha256-HUEfRLqCy47BQ7kOG4SRVhqE7J6lkFzAagnd13I17qk=",
        "owner": "nix-community",
        "repo": "home-manager",
        "rev": "3593ee59a44974b8518829a5239b2f77222e3c81",
        "type": "github"
      },
      "original": {
        "owner": "nix-community",
        "repo": "home-manager",
        "type": "github"
      }
    },
    "homebrew": {
      "inputs": {
        "brew-src": "brew-src",
        "nix-darwin": [
          "darwin"
        ],
        "nixpkgs": [
          "nixpkgs"
        ]
      },
      "locked": {
        "lastModified": 1741032878,
        "narHash": "sha256-s9YOBz8vAxPlI4wORma3D7km8wZOEe/7Hg/u3brmwUQ=",
        "owner": "zhaofengli-wip",
        "repo": "nix-homebrew",
        "rev": "a82c55b07f670a01da5a72b7a07fe41c256a4380",
        "type": "github"
      },
      "original": {
        "owner": "zhaofengli-wip",
        "repo": "nix-homebrew",
        "type": "github"
      }
    },
    "jujutsu": {
      "inputs": {
        "flake-utils": "flake-utils",
        "nixpkgs": [
          "nixpkgs"
        ],
        "rust-overlay": "rust-overlay"
      },
      "locked": {
        "lastModified": 1741619318,
        "narHash": "sha256-Fzyh9+IUM3mXU1O+mfmK+85/JwyJDZpQkOvKtv6nwvM=",
        "owner": "jj-vcs",
        "repo": "jj",
        "rev": "c3cc3de818e69a36bca0f1611a85f67c99106c3f",
        "type": "github"
      },
      "original": {
        "owner": "jj-vcs",
        "repo": "jj",
        "type": "github"
      }
    },
    "nixpkgs": {
      "locked": {
        "lastModified": 1741462378,
        "narHash": "sha256-ZF3YOjq+vTcH51S+qWa1oGA9FgmdJ67nTNPG2OIlXDc=",
        "owner": "NixOS",
        "repo": "nixpkgs",
        "rev": "2d9e4457f8e83120c9fdf6f1707ed0bc603e5ac9",
        "type": "github"
      },
      "original": {
        "owner": "NixOS",
        "ref": "nixpkgs-unstable",
        "repo": "nixpkgs",
        "type": "github"
      }
    },
    "root": {
      "inputs": {
        "darwin": "darwin",
        "home": "home",
        "homebrew": "homebrew",
        "jujutsu": "jujutsu",
        "nixpkgs": "nixpkgs"
      }
    },
    "rust-overlay": {
      "inputs": {
        "nixpkgs": [
          "jujutsu",
          "nixpkgs"
        ]
      },
      "locked": {
        "lastModified": 1737685583,
        "narHash": "sha256-p+NVABRpGi+pT+xxf9HcLcFVxG6L+vEEy+NwzB9T0f8=",
        "owner": "oxalica",
        "repo": "rust-overlay",
        "rev": "eb64cbcc8eee0fa87ebded92805280d2ec97415a",
        "type": "github"
      },
      "original": {
        "owner": "oxalica",
        "repo": "rust-overlay",
        "type": "github"
      }
    },
    "systems": {
      "locked": {
        "lastModified": 1681028828,
        "narHash": "sha256-Vy1rq5AaRuLzOxct8nz4T6wlgyUR7zLU309k9mBC768=",
        "owner": "nix-systems",
        "repo": "default",
        "rev": "da67096a3b9bf56a91d16901293e51ba5b49a27e",
        "type": "github"
      },
      "original": {
        "owner": "nix-systems",
        "repo": "default",
        "type": "github"
      }
    }
  },
  "root": "root",
  "version": 7
}
